
Microsoft Visual Studio Solution File, Format Version 12.00
# Visual Studio 15
VisualStudioVersion = 15.0.28010.2036
MinimumVisualStudioVersion = 10.0.40219.1
Project("{FAE04EC0-301F-11D3-BF4B-00C04F79EFBC}") = "mnog", "mnog\mnog.csproj", "{30603B8A-2DC6-4EB9-84F7-B777026957DA}"
EndProject
Global
	GlobalSection(SolutionConfigurationPlatforms) = preSolution
		Debug|Any CPU = Debug|Any CPU
		Release|Any CPU = Release|Any CPU
	EndGlobalSection
	GlobalSection(ProjectConfigurationPlatforms) = postSolution
		{30603B8A-2DC6-4EB9-84F7-B777026957DA}.Debug|Any CPU.ActiveCfg = Debug|Any CPU
		{30603B8A-2DC6-4EB9-84F7-B777026957DA}.Debug|Any CPU.Build.0 = Debug|Any CPU
		{30603B8A-2DC6-4EB9-84F7-B777026957DA}.Release|Any CPU.ActiveCfg = Release|Any CPU
		{30603B8A-2DC6-4EB9-84F7-B777026957DA}.Release|Any CPU.Build.0 = Release|Any CPU
	EndGlobalSection
	GlobalSection(SolutionProperties) = preSolution
		HideSolutionNode = FALSE
	EndGlobalSection
	GlobalSection(ExtensibilityGlobals) = postSolution
		SolutionGuid = {52D3D56C-E4C3-4EEE-A32E-2441A86FDFC5}
	EndGlobalSection
EndGlobal
